
Microsoft Visual Studio Solution File, Format Version 12.00
# Visual Studio Version 17
VisualStudioVersion = 17.7.34024.191
MinimumVisualStudioVersion = 10.0.40219.1
Project("{FAE04EC0-301F-11D3-BF4B-00C04F79EFBC}") = "LKS2026", "LKS2026\LKS2026.csproj", "{4683756A-6A54-4983-8F1E-309CA8BBD844}"
EndProject
Global
	GlobalSection(SolutionConfigurationPlatforms) = preSolution
		Debug|Any CPU = Debug|Any CPU
		Release|Any CPU = Release|Any CPU
	EndGlobalSection
	GlobalSection(ProjectConfigurationPlatforms) = postSolution
		{4683756A-6A54-4983-8F1E-309CA8BBD844}.Debug|Any CPU.ActiveCfg = Debug|Any CPU
		{4683756A-6A54-4983-8F1E-309CA8BBD844}.Debug|Any CPU.Build.0 = Debug|Any CPU
		{4683756A-6A54-4983-8F1E-309CA8BBD844}.Release|Any CPU.ActiveCfg = Release|Any CPU
		{4683756A-6A54-4983-8F1E-309CA8BBD844}.Release|Any CPU.Build.0 = Release|Any CPU
	EndGlobalSection
	GlobalSection(SolutionProperties) = preSolution
		HideSolutionNode = FALSE
	EndGlobalSection
	GlobalSection(ExtensibilityGlobals) = postSolution
		SolutionGuid = {B2DABBE8-8979-4EA3-80A5-302E03174AFC}
	EndGlobalSection
EndGlobal
